<Solution>
  <Project Path="AppLogic/AppLogic.csproj" Id="8582f9f5-0ec2-446d-bc8a-f3f574db319e" />
  <Project Path="DataAccess/DataAccess.csproj" Id="82f7b182-5699-4c95-a0cc-0d87fca7f3d4" />
  <Project Path="DTO/DTO.csproj" Id="2ea154da-fab8-44dd-a847-fece35cdab53" />
  <Project Path="EmployeeAdministrator/APIEmployeeAdministrator.csproj" />
</Solution>
